
Microsoft Visual Studio Solution File, Format Version 12.00
# Visual Studio 15
VisualStudioVersion = 15.0.28010.2019
MinimumVisualStudioVersion = 10.0.40219.1
Project("{FAE04EC0-301F-11D3-BF4B-00C04F79EFBC}") = "DataGridWpfProject_BlancoF", "DataGridWpfProject_BlancoF\DataGridWpfProject_BlancoF.csproj", "{3D0C18B2-05AF-4ED3-ABD8-278728A68E02}"
EndProject
Global
	GlobalSection(SolutionConfigurationPlatforms) = preSolution
		Debug|Any CPU = Debug|Any CPU
		Release|Any CPU = Release|Any CPU
	EndGlobalSection
	GlobalSection(ProjectConfigurationPlatforms) = postSolution
		{3D0C18B2-05AF-4ED3-ABD8-278728A68E02}.Debug|Any CPU.ActiveCfg = Debug|Any CPU
		{3D0C18B2-05AF-4ED3-ABD8-278728A68E02}.Debug|Any CPU.Build.0 = Debug|Any CPU
		{3D0C18B2-05AF-4ED3-ABD8-278728A68E02}.Release|Any CPU.ActiveCfg = Release|Any CPU
		{3D0C18B2-05AF-4ED3-ABD8-278728A68E02}.Release|Any CPU.Build.0 = Release|Any CPU
	EndGlobalSection
	GlobalSection(SolutionProperties) = preSolution
		HideSolutionNode = FALSE
	EndGlobalSection
	GlobalSection(ExtensibilityGlobals) = postSolution
		SolutionGuid = {89800D68-2777-4AA3-87F7-4671C7FE98C5}
	EndGlobalSection
EndGlobal
